// !$*UTF8*$!
{
	archiveVersion = 1;
	classes = {
	};
	objectVersion = 55;
	objects = {

/* Begin PBXBuildFile section */
		9507FA53287463C5007548C0 /* FCL in Frameworks */ = {isa = PBXBuildFile; productRef = 9507FA52287463C5007548C0 /* FCL */; };
		95253A732860A40F00E5C7A0 /* NoteEditor.swift in Sources */ = {isa = PBXBuildFile; fileRef = 95253A722860A40F00E5C7A0 /* NoteEditor.swift */; };
		957063F8285BABE300BEADA8 /* Note.swift in Sources */ = {isa = PBXBuildFile; fileRef = 957063F7285BABE300BEADA8 /* Note.swift */; };
		95B80809283CF79F00D80481 /* FlowNotesApp.swift in Sources */ = {isa = PBXBuildFile; fileRef = 95B80808283CF79F00D80481 /* FlowNotesApp.swift */; };
		95B8080B283CF79F00D80481 /* MyNotesView.swift in Sources */ = {isa = PBXBuildFile; fileRef = 95B8080A283CF79F00D80481 /* MyNotesView.swift */; };
		95B8080D283CF7A000D80481 /* Assets.xcassets in Resources */ = {isa = PBXBuildFile; fileRef = 95B8080C283CF7A000D80481 /* Assets.xcassets */; };
		95B80810283CF7A000D80481 /* Preview Assets.xcassets in Resources */ = {isa = PBXBuildFile; fileRef = 95B8080F283CF7A000D80481 /* Preview Assets.xcassets */; };
		95B8081C283D077A00D80481 /* MyNotesVM.swift in Sources */ = {isa = PBXBuildFile; fileRef = 95B8081B283D077A00D80481 /* MyNotesVM.swift */; };
		95B80823283D47F400D80481 /* LoginView.swift in Sources */ = {isa = PBXBuildFile; fileRef = 95B80822283D47F400D80481 /* LoginView.swift */; };
		95B80825283D487E00D80481 /* LoginVM.swift in Sources */ = {isa = PBXBuildFile; fileRef = 95B80824283D487E00D80481 /* LoginVM.swift */; };
/* End PBXBuildFile section */

/* Begin PBXFileReference section */
		95253A722860A40F00E5C7A0 /* NoteEditor.swift */ = {isa = PBXFileReference; lastKnownFileType = sourcecode.swift; path = NoteEditor.swift; sourceTree = "<group>"; };
		95253A762874561B00E5C7A0 /* Info.plist */ = {isa = PBXFileReference; lastKnownFileType = text.plist; path = Info.plist; sourceTree = "<group>"; };
		957063F7285BABE300BEADA8 /* Note.swift */ = {isa = PBXFileReference; lastKnownFileType = sourcecode.swift; path = Note.swift; sourceTree = "<group>"; };
		95B80805283CF79F00D80481 /* FlowNotes.app */ = {isa = PBXFileReference; explicitFileType = wrapper.application; includeInIndex = 0; path = FlowNotes.app; sourceTree = BUILT_PRODUCTS_DIR; };
		95B80808283CF79F00D80481 /* FlowNotesApp.swift */ = {isa = PBXFileReference; lastKnownFileType = sourcecode.swift; path = FlowNotesApp.swift; sourceTree = "<group>"; };
		95B8080A283CF79F00D80481 /* MyNotesView.swift */ = {isa = PBXFileReference; lastKnownFileType = sourcecode.swift; path = MyNotesView.swift; sourceTree = "<group>"; };
		95B8080C283CF7A000D80481 /* Assets.xcassets */ = {isa = PBXFileReference; lastKnownFileType = folder.assetcatalog; path = Assets.xcassets; sourceTree = "<group>"; };
		95B8080F283CF7A000D80481 /* Preview Assets.xcassets */ = {isa = PBXFileReference; lastKnownFileType = folder.assetcatalog; path = "Preview Assets.xcassets"; sourceTree = "<group>"; };
		95B8081B283D077A00D80481 /* MyNotesVM.swift */ = {isa = PBXFileReference; lastKnownFileType = sourcecode.swift; path = MyNotesVM.swift; sourceTree = "<group>"; };
		95B80822283D47F400D80481 /* LoginView.swift */ = {isa = PBXFileReference; lastKnownFileType = sourcecode.swift; path = LoginView.swift; sourceTree = "<group>"; };
		95B80824283D487E00D80481 /* LoginVM.swift */ = {isa = PBXFileReference; lastKnownFileType = sourcecode.swift; path = LoginVM.swift; sourceTree = "<group>"; };
/* End PBXFileReference section */

/* Begin PBXFrameworksBuildPhase section */
		95B80802283CF79F00D80481 /* Frameworks */ = {
			isa = PBXFrameworksBuildPhase;
			buildActionMask = 2147483647;
			files = (
				9507FA53287463C5007548C0 /* FCL in Frameworks */,
			);
			runOnlyForDeploymentPostprocessing = 0;
		};
/* End PBXFrameworksBuildPhase section */

/* Begin PBXGroup section */
		95253A7A2874594100E5C7A0 /* Packages */ = {
			isa = PBXGroup;
			children = (
			);
			name = Packages;
			sourceTree = "<group>";
		};
		957EA2EE283E4FB1008327DC /* Frameworks */ = {
			isa = PBXGroup;
			children = (
			);
			name = Frameworks;
			sourceTree = "<group>";
		};
		95B807FC283CF79F00D80481 = {
			isa = PBXGroup;
			children = (
				95253A7A2874594100E5C7A0 /* Packages */,
				95B80807283CF79F00D80481 /* FlowNotes */,
				95B80806283CF79F00D80481 /* Products */,
				957EA2EE283E4FB1008327DC /* Frameworks */,
			);
			sourceTree = "<group>";
		};
		95B80806283CF79F00D80481 /* Products */ = {
			isa = PBXGroup;
			children = (
				95B80805283CF79F00D80481 /* FlowNotes.app */,
			);
			name = Products;
			sourceTree = "<group>";
		};
		95B80807283CF79F00D80481 /* FlowNotes */ = {
			isa = PBXGroup;
			children = (
				95253A762874561B00E5C7A0 /* Info.plist */,
				95B80808283CF79F00D80481 /* FlowNotesApp.swift */,
				95B80822283D47F400D80481 /* LoginView.swift */,
				95B80824283D487E00D80481 /* LoginVM.swift */,
				95B8080A283CF79F00D80481 /* MyNotesView.swift */,
				95B8081B283D077A00D80481 /* MyNotesVM.swift */,
				95253A722860A40F00E5C7A0 /* NoteEditor.swift */,
				957063F7285BABE300BEADA8 /* Note.swift */,
				95B8080C283CF7A000D80481 /* Assets.xcassets */,
				95B8080E283CF7A000D80481 /* Preview Content */,
			);
			path = FlowNotes;
			sourceTree = "<group>";
		};
		95B8080E283CF7A000D80481 /* Preview Content */ = {
			isa = PBXGroup;
			children = (
				95B8080F283CF7A000D80481 /* Preview Assets.xcassets */,
			);
			path = "Preview Content";
			sourceTree = "<group>";
		};
/* End PBXGroup section */

/* Begin PBXNativeTarget section */
		95B80804283CF79F00D80481 /* FlowNotes */ = {
			isa = PBXNativeTarget;
			buildConfigurationList = 95B80813283CF7A000D80481 /* Build configuration list for PBXNativeTarget "FlowNotes" */;
			buildPhases = (
				95B80801283CF79F00D80481 /* Sources */,
				95B80802283CF79F00D80481 /* Frameworks */,
				95B80803283CF79F00D80481 /* Resources */,
			);
			buildRules = (
			);
			dependencies = (
			);
			name = FlowNotes;
			packageProductDependencies = (
				9507FA52287463C5007548C0 /* FCL */,
			);
			productName = FlowNotes;
			productReference = 95B80805283CF79F00D80481 /* FlowNotes.app */;
			productType = "com.apple.product-type.application";
		};
/* End PBXNativeTarget section */

/* Begin PBXProject section */
		95B807FD283CF79F00D80481 /* Project object */ = {
			isa = PBXProject;
			attributes = {
				BuildIndependentTargetsInParallel = 1;
				LastSwiftUpdateCheck = 1340;
				LastUpgradeCheck = 1340;
				ORGANIZATIONNAME = "The Agile Monkeys";
				TargetAttributes = {
					95B80804283CF79F00D80481 = {
						CreatedOnToolsVersion = 13.4;
					};
				};
			};
			buildConfigurationList = 95B80800283CF79F00D80481 /* Build configuration list for PBXProject "FlowNotes" */;
			compatibilityVersion = "Xcode 13.0";
			developmentRegion = en;
			hasScannedForEncodings = 0;
			knownRegions = (
				en,
				Base,
			);
			mainGroup = 95B807FC283CF79F00D80481;
			packageReferences = (
				9507FA51287463C5007548C0 /* XCRemoteSwiftPackageReference "fcl-swift" */,
			);
			productRefGroup = 95B80806283CF79F00D80481 /* Products */;
			projectDirPath = "";
			projectRoot = "";
			targets = (
				95B80804283CF79F00D80481 /* FlowNotes */,
			);
		};
/* End PBXProject section */

/* Begin PBXResourcesBuildPhase section */
		95B80803283CF79F00D80481 /* Resources */ = {
			isa = PBXResourcesBuildPhase;
			buildActionMask = 2147483647;
			files = (
				95B80810283CF7A000D80481 /* Preview Assets.xcassets in Resources */,
				95B8080D283CF7A000D80481 /* Assets.xcassets in Resources */,
			);
			runOnlyForDeploymentPostprocessing = 0;
		};
/* End PBXResourcesBuildPhase section */

/* Begin PBXSourcesBuildPhase section */
		95B80801283CF79F00D80481 /* Sources */ = {
			isa = PBXSourcesBuildPhase;
			buildActionMask = 2147483647;
			files = (
				95B80825283D487E00D80481 /* LoginVM.swift in Sources */,
				95253A732860A40F00E5C7A0 /* NoteEditor.swift in Sources */,
				95B80823283D47F400D80481 /* LoginView.swift in Sources */,
				95B8081C283D077A00D80481 /* MyNotesVM.swift in Sources */,
				95B8080B283CF79F00D80481 /* MyNotesView.swift in Sources */,
				957063F8285BABE300BEADA8 /* Note.swift in Sources */,
				95B80809283CF79F00D80481 /* FlowNotesApp.swift in Sources */,
			);
			runOnlyForDeploymentPostprocessing = 0;
		};
/* End PBXSourcesBuildPhase section */

/* Begin XCBuildConfiguration section */
		95B80811283CF7A000D80481 /* Debug */ = {
			isa = XCBuildConfiguration;
			buildSettings = {
				ALWAYS_SEARCH_USER_PATHS = NO;
				CLANG_ANALYZER_NONNULL = YES;
				CLANG_ANALYZER_NUMBER_OBJECT_CONVERSION = YES_AGGRESSIVE;
				CLANG_CXX_LANGUAGE_STANDARD = "gnu++17";
				CLANG_ENABLE_MODULES = YES;
				CLANG_ENABLE_OBJC_ARC = YES;
				CLANG_ENABLE_OBJC_WEAK = YES;
				CLANG_WARN_BLOCK_CAPTURE_AUTORELEASING = YES;
				CLANG_WARN_BOOL_CONVERSION = YES;
				CLANG_WARN_COMMA = YES;
				CLANG_WARN_CONSTANT_CONVERSION = YES;
				CLANG_WARN_DEPRECATED_OBJC_IMPLEMENTATIONS = YES;
				CLANG_WARN_DIRECT_OBJC_ISA_USAGE = YES_ERROR;
				CLANG_WARN_DOCUMENTATION_COMMENTS = YES;
				CLANG_WARN_EMPTY_BODY = YES;
				CLANG_WARN_ENUM_CONVERSION = YES;
				CLANG_WARN_INFINITE_RECURSION = YES;
				CLANG_WARN_INT_CONVERSION = YES;
				CLANG_WARN_NON_LITERAL_NULL_CONVERSION = YES;
				CLANG_WARN_OBJC_IMPLICIT_RETAIN_SELF = YES;
				CLANG_WARN_OBJC_LITERAL_CONVERSION = YES;
				CLANG_WARN_OBJC_ROOT_CLASS = YES_ERROR;
				CLANG_WARN_QUOTED_INCLUDE_IN_FRAMEWORK_HEADER = YES;
				CLANG_WARN_RANGE_LOOP_ANALYSIS = YES;
				CLANG_WARN_STRICT_PROTOTYPES = YES;
				CLANG_WARN_SUSPICIOUS_MOVE = YES;
				CLANG_WARN_UNGUARDED_AVAILABILITY = YES_AGGRESSIVE;
				CLANG_WARN_UNREACHABLE_CODE = YES;
				CLANG_WARN__DUPLICATE_METHOD_MATCH = YES;
				COPY_PHASE_STRIP = NO;
				DEBUG_INFORMATION_FORMAT = dwarf;
				ENABLE_STRICT_OBJC_MSGSEND = YES;
				ENABLE_TESTABILITY = YES;
				GCC_C_LANGUAGE_STANDARD = gnu11;
				GCC_DYNAMIC_NO_PIC = NO;
				GCC_NO_COMMON_BLOCKS = YES;
				GCC_OPTIMIZATION_LEVEL = 0;
				GCC_PREPROCESSOR_DEFINITIONS = (
					"DEBUG=1",
					"$(inherited)",
				);
				GCC_WARN_64_TO_32_BIT_CONVERSION = YES;
				GCC_WARN_ABOUT_RETURN_TYPE = YES_ERROR;
				GCC_WARN_UNDECLARED_SELECTOR = YES;
				GCC_WARN_UNINITIALIZED_AUTOS = YES_AGGRESSIVE;
				GCC_WARN_UNUSED_FUNCTION = YES;
				GCC_WARN_UNUSED_VARIABLE = YES;
				IPHONEOS_DEPLOYMENT_TARGET = 15.5;
				MTL_ENABLE_DEBUG_INFO = INCLUDE_SOURCE;
				MTL_FAST_MATH = YES;
				ONLY_ACTIVE_ARCH = YES;
				SDKROOT = iphoneos;
				SWIFT_ACTIVE_COMPILATION_CONDITIONS = DEBUG;
				SWIFT_OPTIMIZATION_LEVEL = "-Onone";
			};
			name = Debug;
		};
		95B80812283CF7A000D80481 /* Release */ = {
			isa = XCBuildConfiguration;
			buildSettings = {
				ALWAYS_SEARCH_USER_PATHS = NO;
				CLANG_ANALYZER_NONNULL = YES;
				CLANG_ANALYZER_NUMBER_OBJECT_CONVERSION = YES_AGGRESSIVE;
				CLANG_CXX_LANGUAGE_STANDARD = "gnu++17";
				CLANG_ENABLE_MODULES = YES;
				CLANG_ENABLE_OBJC_ARC = YES;
				CLANG_ENABLE_OBJC_WEAK = YES;
				CLANG_WARN_BLOCK_CAPTURE_AUTORELEASING = YES;
				CLANG_WARN_BOOL_CONVERSION = YES;
				CLANG_WARN_COMMA = YES;
				CLANG_WARN_CONSTANT_CONVERSION = YES;
				CLANG_WARN_DEPRECATED_OBJC_IMPLEMENTATIONS = YES;
				CLANG_WARN_DIRECT_OBJC_ISA_USAGE = YES_ERROR;
				CLANG_WARN_DOCUMENTATION_COMMENTS = YES;
				CLANG_WARN_EMPTY_BODY = YES;
				CLANG_WARN_ENUM_CONVERSION = YES;
				CLANG_WARN_INFINITE_RECURSION = YES;
				CLANG_WARN_INT_CONVERSION = YES;
				CLANG_WARN_NON_LITERAL_NULL_CONVERSION = YES;
				CLANG_WARN_OBJC_IMPLICIT_RETAIN_SELF = YES;
				CLANG_WARN_OBJC_LITERAL_CONVERSION = YES;
				CLANG_WARN_OBJC_ROOT_CLASS = YES_ERROR;
				CLANG_WARN_QUOTED_INCLUDE_IN_FRAMEWORK_HEADER = YES;
				CLANG_WARN_RANGE_LOOP_ANALYSIS = YES;
				CLANG_WARN_STRICT_PROTOTYPES = YES;
				CLANG_WARN_SUSPICIOUS_MOVE = YES;
				CLANG_WARN_UNGUARDED_AVAILABILITY = YES_AGGRESSIVE;
				CLANG_WARN_UNREACHABLE_CODE = YES;
				CLANG_WARN__DUPLICATE_METHOD_MATCH = YES;
				COPY_PHASE_STRIP = NO;
				DEBUG_INFORMATION_FORMAT = "dwarf-with-dsym";
				ENABLE_NS_ASSERTIONS = NO;
				ENABLE_STRICT_OBJC_MSGSEND = YES;
				GCC_C_LANGUAGE_STANDARD = gnu11;
				GCC_NO_COMMON_BLOCKS = YES;
				GCC_WARN_64_TO_32_BIT_CONVERSION = YES;
				GCC_WARN_ABOUT_RETURN_TYPE = YES_ERROR;
				GCC_WARN_UNDECLARED_SELECTOR = YES;
				GCC_WARN_UNINITIALIZED_AUTOS = YES_AGGRESSIVE;
				GCC_WARN_UNUSED_FUNCTION = YES;
				GCC_WARN_UNUSED_VARIABLE = YES;
				IPHONEOS_DEPLOYMENT_TARGET = 15.5;
				MTL_ENABLE_DEBUG_INFO = NO;
				MTL_FAST_MATH = YES;
				SDKROOT = iphoneos;
				SWIFT_COMPILATION_MODE = wholemodule;
				SWIFT_OPTIMIZATION_LEVEL = "-O";
				VALIDATE_PRODUCT = YES;
			};
			name = Release;
		};
		95B80814283CF7A000D80481 /* Debug */ = {
			isa = XCBuildConfiguration;
			buildSettings = {
				ASSETCATALOG_COMPILER_APPICON_NAME = AppIcon;
				ASSETCATALOG_COMPILER_GLOBAL_ACCENT_COLOR_NAME = AccentColor;
				CODE_SIGN_STYLE = Automatic;
				CURRENT_PROJECT_VERSION = 1;
				DEVELOPMENT_ASSET_PATHS = "\"FlowNotes/Preview Content\"";
				DEVELOPMENT_TEAM = 67266UR7NA;
				ENABLE_PREVIEWS = YES;
				GENERATE_INFOPLIST_FILE = YES;
				INFOPLIST_FILE = FlowNotes/Info.plist;
				INFOPLIST_KEY_UIApplicationSupportsIndirectInputEvents = YES;
				INFOPLIST_KEY_UILaunchScreen_Generation = YES;
				INFOPLIST_KEY_UISupportedInterfaceOrientations_iPad = "UIInterfaceOrientationPortrait UIInterfaceOrientationPortraitUpsideDown UIInterfaceOrientationLandscapeLeft UIInterfaceOrientationLandscapeRight";
				INFOPLIST_KEY_UISupportedInterfaceOrientations_iPhone = "UIInterfaceOrientationPortrait UIInterfaceOrientationLandscapeLeft UIInterfaceOrientationLandscapeRight";
				LD_RUNPATH_SEARCH_PATHS = (
					"$(inherited)",
					"@executable_path/Frameworks",
				);
				MARKETING_VERSION = 1.0;
				PRODUCT_BUNDLE_IDENTIFIER = com.theagilemonkeys.FlowNotes;
				PRODUCT_NAME = "$(TARGET_NAME)";
				SWIFT_EMIT_LOC_STRINGS = YES;
				SWIFT_VERSION = 5.0;
				TARGETED_DEVICE_FAMILY = "1,2";
			};
			name = Debug;
		};
		95B80815283CF7A000D80481 /* Release */ = {
			isa = XCBuildConfiguration;
			buildSettings = {
				ASSETCATALOG_COMPILER_APPICON_NAME = AppIcon;
				ASSETCATALOG_COMPILER_GLOBAL_ACCENT_COLOR_NAME = AccentColor;
				CODE_SIGN_STYLE = Automatic;
				CURRENT_PROJECT_VERSION = 1;
				DEVELOPMENT_ASSET_PATHS = "\"FlowNotes/Preview Content\"";
				DEVELOPMENT_TEAM = 67266UR7NA;
				ENABLE_PREVIEWS = YES;
				GENERATE_INFOPLIST_FILE = YES;
				INFOPLIST_FILE = FlowNotes/Info.plist;
				INFOPLIST_KEY_UIApplicationSupportsIndirectInputEvents = YES;
				INFOPLIST_KEY_UILaunchScreen_Generation = YES;
				INFOPLIST_KEY_UISupportedInterfaceOrientations_iPad = "UIInterfaceOrientationPortrait UIInterfaceOrientationPortraitUpsideDown UIInterfaceOrientationLandscapeLeft UIInterfaceOrientationLandscapeRight";
				INFOPLIST_KEY_UISupportedInterfaceOrientations_iPhone = "UIInterfaceOrientationPortrait UIInterfaceOrientationLandscapeLeft UIInterfaceOrientationLandscapeRight";
				LD_RUNPATH_SEARCH_PATHS = (
					"$(inherited)",
					"@executable_path/Frameworks",
				);
				MARKETING_VERSION = 1.0;
				PRODUCT_BUNDLE_IDENTIFIER = com.theagilemonkeys.FlowNotes;
				PRODUCT_NAME = "$(TARGET_NAME)";
				SWIFT_EMIT_LOC_STRINGS = YES;
				SWIFT_VERSION = 5.0;
				TARGETED_DEVICE_FAMILY = "1,2";
			};
			name = Release;
		};
/* End XCBuildConfiguration section */

/* Begin XCConfigurationList section */
		95B80800283CF79F00D80481 /* Build configuration list for PBXProject "FlowNotes" */ = {
			isa = XCConfigurationList;
			buildConfigurations = (
				95B80811283CF7A000D80481 /* Debug */,
				95B80812283CF7A000D80481 /* Release */,
			);
			defaultConfigurationIsVisible = 0;
			defaultConfigurationName = Release;
		};
		95B80813283CF7A000D80481 /* Build configuration list for PBXNativeTarget "FlowNotes" */ = {
			isa = XCConfigurationList;
			buildConfigurations = (
				95B80814283CF7A000D80481 /* Debug */,
				95B80815283CF7A000D80481 /* Release */,
			);
			defaultConfigurationIsVisible = 0;
			defaultConfigurationName = Release;
		};
/* End XCConfigurationList section */

/* Begin XCRemoteSwiftPackageReference section */
		9507FA51287463C5007548C0 /* XCRemoteSwiftPackageReference "fcl-swift" */ = {
			isa = XCRemoteSwiftPackageReference;
			repositoryURL = "https://github.com/Outblock/fcl-swift";
			requirement = {
				branch = main;
				kind = branch;
			};
		};
/* End XCRemoteSwiftPackageReference section */

/* Begin XCSwiftPackageProductDependency section */
		9507FA52287463C5007548C0 /* FCL */ = {
			isa = XCSwiftPackageProductDependency;
			package = 9507FA51287463C5007548C0 /* XCRemoteSwiftPackageReference "fcl-swift" */;
			productName = FCL;
		};
/* End XCSwiftPackageProductDependency section */
	};
	rootObject = 95B807FD283CF79F00D80481 /* Project object */;
}
